
Microsoft Visual Studio Solution File, Format Version 12.00
# Visual Studio Version 17
VisualStudioVersion = 17.10.34607.79
MinimumVisualStudioVersion = 10.0.40219.1
Project("{2150E333-8FDC-42A3-9474-1A3956D46DE8}") = "Lesson1", "Lesson1", "{4B750AC8-D54B-4FD8-8291-1136FC59724E}"
EndProject
Project("{9A19103F-16F7-4668-BE54-9A1E7A4F7556}") = "Intro", "Lesson1\Intro\Intro.csproj", "{C15BD768-7686-4A4F-97EF-BAA18DA72BCD}"
EndProject
Project("{2150E333-8FDC-42A3-9474-1A3956D46DE8}") = "MaskDistrubition", "MaskDistrubition", "{8BD4016F-A3EB-4A19-8B38-7C0132659F83}"
EndProject
Project("{9A19103F-16F7-4668-BE54-9A1E7A4F7556}") = "Workaround", "MaskDistrubition\Workaround\Workaround.csproj", "{BE9C1962-1B50-4253-8627-0FE0E4928A69}"
EndProject
Project("{9A19103F-16F7-4668-BE54-9A1E7A4F7556}") = "Entities", "MaskDistrubition\Entities\Entities.csproj", "{9BCEC3C9-A6C2-4972-917E-FBCAEDE6C7E9}"
EndProject
Project("{9A19103F-16F7-4668-BE54-9A1E7A4F7556}") = "Business", "MaskDistrubition\Business\Business.csproj", "{7B145056-1035-4060-A8E3-D35F1E4BF020}"
EndProject
Project("{2150E333-8FDC-42A3-9474-1A3956D46DE8}") = "Lesson2", "Lesson2", "{6646DE58-CE64-49AB-84EF-CA459B57C315}"
EndProject
Project("{9A19103F-16F7-4668-BE54-9A1E7A4F7556}") = "Intro2", "Lesson2\Intro2\Intro2.csproj", "{21CDCECC-7CD2-407C-852C-9E6821CE5DC1}"
EndProject
Project("{2150E333-8FDC-42A3-9474-1A3956D46DE8}") = "CSharpeIsABetterProgrammerSetlist", "CSharpeIsABetterProgrammerSetlist", "{7ECAD250-D528-4212-A83C-6710FC316A8B}"
EndProject
Project("{FAE04EC0-301F-11D3-BF4B-00C04F79EFBC}") = "ReferenceTypes", "CSharpeIsABetterProgrammerSetlist\ReferenceTypes\ReferenceTypes.csproj", "{4010D8ED-6218-4B19-B703-0DBC59E9B63E}"
EndProject
Project("{FAE04EC0-301F-11D3-BF4B-00C04F79EFBC}") = "Constructors", "CSharpeIsABetterProgrammerSetlist\Constructors\Constructors.csproj", "{90F41B3F-6B50-461C-9061-5D7A09991C1B}"
EndProject
Project("{FAE04EC0-301F-11D3-BF4B-00C04F79EFBC}") = "Interfaces", "CSharpeIsABetterProgrammerSetlist\Interfaces\Interfaces.csproj", "{5D91A726-BDDD-465A-ACE0-62B5792886F0}"
EndProject
Project("{FAE04EC0-301F-11D3-BF4B-00C04F79EFBC}") = "Generics", "CSharpeIsABetterProgrammerSetlist\Generics\Generics.csproj", "{D5A76520-177F-4782-8E3D-73A8F124AD44}"
EndProject
Project("{FAE04EC0-301F-11D3-BF4B-00C04F79EFBC}") = "ThreadingDemo1", "CSharpeIsABetterProgrammerSetlist\ThreadingDemo1\ThreadingDemo1.csproj", "{3C3164D2-5A3F-43C9-BE21-BCDBAE70D757}"
EndProject
Project("{FAE04EC0-301F-11D3-BF4B-00C04F79EFBC}") = "LinqProject", "CSharpeIsABetterProgrammerSetlist\LinqProject\LinqProject.csproj", "{7F90C8E9-96A8-435A-B0BA-5CAAF7C60171}"
EndProject
Global
	GlobalSection(SolutionConfigurationPlatforms) = preSolution
		Debug|Any CPU = Debug|Any CPU
		Release|Any CPU = Release|Any CPU
	EndGlobalSection
	GlobalSection(ProjectConfigurationPlatforms) = postSolution
		{C15BD768-7686-4A4F-97EF-BAA18DA72BCD}.Debug|Any CPU.ActiveCfg = Debug|Any CPU
		{C15BD768-7686-4A4F-97EF-BAA18DA72BCD}.Debug|Any CPU.Build.0 = Debug|Any CPU
		{C15BD768-7686-4A4F-97EF-BAA18DA72BCD}.Release|Any CPU.ActiveCfg = Release|Any CPU
		{C15BD768-7686-4A4F-97EF-BAA18DA72BCD}.Release|Any CPU.Build.0 = Release|Any CPU
		{BE9C1962-1B50-4253-8627-0FE0E4928A69}.Debug|Any CPU.ActiveCfg = Debug|Any CPU
		{BE9C1962-1B50-4253-8627-0FE0E4928A69}.Debug|Any CPU.Build.0 = Debug|Any CPU
		{BE9C1962-1B50-4253-8627-0FE0E4928A69}.Release|Any CPU.ActiveCfg = Release|Any CPU
		{BE9C1962-1B50-4253-8627-0FE0E4928A69}.Release|Any CPU.Build.0 = Release|Any CPU
		{9BCEC3C9-A6C2-4972-917E-FBCAEDE6C7E9}.Debug|Any CPU.ActiveCfg = Debug|Any CPU
		{9BCEC3C9-A6C2-4972-917E-FBCAEDE6C7E9}.Debug|Any CPU.Build.0 = Debug|Any CPU
		{9BCEC3C9-A6C2-4972-917E-FBCAEDE6C7E9}.Release|Any CPU.ActiveCfg = Release|Any CPU
		{9BCEC3C9-A6C2-4972-917E-FBCAEDE6C7E9}.Release|Any CPU.Build.0 = Release|Any CPU
		{7B145056-1035-4060-A8E3-D35F1E4BF020}.Debug|Any CPU.ActiveCfg = Debug|Any CPU
		{7B145056-1035-4060-A8E3-D35F1E4BF020}.Debug|Any CPU.Build.0 = Debug|Any CPU
		{7B145056-1035-4060-A8E3-D35F1E4BF020}.Release|Any CPU.ActiveCfg = Release|Any CPU
		{7B145056-1035-4060-A8E3-D35F1E4BF020}.Release|Any CPU.Build.0 = Release|Any CPU
		{21CDCECC-7CD2-407C-852C-9E6821CE5DC1}.Debug|Any CPU.ActiveCfg = Debug|Any CPU
		{21CDCECC-7CD2-407C-852C-9E6821CE5DC1}.Debug|Any CPU.Build.0 = Debug|Any CPU
		{21CDCECC-7CD2-407C-852C-9E6821CE5DC1}.Release|Any CPU.ActiveCfg = Release|Any CPU
		{21CDCECC-7CD2-407C-852C-9E6821CE5DC1}.Release|Any CPU.Build.0 = Release|Any CPU
		{4010D8ED-6218-4B19-B703-0DBC59E9B63E}.Debug|Any CPU.ActiveCfg = Debug|Any CPU
		{4010D8ED-6218-4B19-B703-0DBC59E9B63E}.Debug|Any CPU.Build.0 = Debug|Any CPU
		{4010D8ED-6218-4B19-B703-0DBC59E9B63E}.Release|Any CPU.ActiveCfg = Release|Any CPU
		{4010D8ED-6218-4B19-B703-0DBC59E9B63E}.Release|Any CPU.Build.0 = Release|Any CPU
		{90F41B3F-6B50-461C-9061-5D7A09991C1B}.Debug|Any CPU.ActiveCfg = Debug|Any CPU
		{90F41B3F-6B50-461C-9061-5D7A09991C1B}.Debug|Any CPU.Build.0 = Debug|Any CPU
		{90F41B3F-6B50-461C-9061-5D7A09991C1B}.Release|Any CPU.ActiveCfg = Release|Any CPU
		{90F41B3F-6B50-461C-9061-5D7A09991C1B}.Release|Any CPU.Build.0 = Release|Any CPU
		{5D91A726-BDDD-465A-ACE0-62B5792886F0}.Debug|Any CPU.ActiveCfg = Debug|Any CPU
		{5D91A726-BDDD-465A-ACE0-62B5792886F0}.Debug|Any CPU.Build.0 = Debug|Any CPU
		{5D91A726-BDDD-465A-ACE0-62B5792886F0}.Release|Any CPU.ActiveCfg = Release|Any CPU
		{5D91A726-BDDD-465A-ACE0-62B5792886F0}.Release|Any CPU.Build.0 = Release|Any CPU
		{D5A76520-177F-4782-8E3D-73A8F124AD44}.Debug|Any CPU.ActiveCfg = Debug|Any CPU
		{D5A76520-177F-4782-8E3D-73A8F124AD44}.Debug|Any CPU.Build.0 = Debug|Any CPU
		{D5A76520-177F-4782-8E3D-73A8F124AD44}.Release|Any CPU.ActiveCfg = Release|Any CPU
		{D5A76520-177F-4782-8E3D-73A8F124AD44}.Release|Any CPU.Build.0 = Release|Any CPU
		{3C3164D2-5A3F-43C9-BE21-BCDBAE70D757}.Debug|Any CPU.ActiveCfg = Debug|Any CPU
		{3C3164D2-5A3F-43C9-BE21-BCDBAE70D757}.Debug|Any CPU.Build.0 = Debug|Any CPU
		{3C3164D2-5A3F-43C9-BE21-BCDBAE70D757}.Release|Any CPU.ActiveCfg = Release|Any CPU
		{3C3164D2-5A3F-43C9-BE21-BCDBAE70D757}.Release|Any CPU.Build.0 = Release|Any CPU
		{7F90C8E9-96A8-435A-B0BA-5CAAF7C60171}.Debug|Any CPU.ActiveCfg = Debug|Any CPU
		{7F90C8E9-96A8-435A-B0BA-5CAAF7C60171}.Debug|Any CPU.Build.0 = Debug|Any CPU
		{7F90C8E9-96A8-435A-B0BA-5CAAF7C60171}.Release|Any CPU.ActiveCfg = Release|Any CPU
		{7F90C8E9-96A8-435A-B0BA-5CAAF7C60171}.Release|Any CPU.Build.0 = Release|Any CPU
	EndGlobalSection
	GlobalSection(SolutionProperties) = preSolution
		HideSolutionNode = FALSE
	EndGlobalSection
	GlobalSection(NestedProjects) = preSolution
		{C15BD768-7686-4A4F-97EF-BAA18DA72BCD} = {4B750AC8-D54B-4FD8-8291-1136FC59724E}
		{BE9C1962-1B50-4253-8627-0FE0E4928A69} = {8BD4016F-A3EB-4A19-8B38-7C0132659F83}
		{9BCEC3C9-A6C2-4972-917E-FBCAEDE6C7E9} = {8BD4016F-A3EB-4A19-8B38-7C0132659F83}
		{7B145056-1035-4060-A8E3-D35F1E4BF020} = {8BD4016F-A3EB-4A19-8B38-7C0132659F83}
		{21CDCECC-7CD2-407C-852C-9E6821CE5DC1} = {6646DE58-CE64-49AB-84EF-CA459B57C315}
		{4010D8ED-6218-4B19-B703-0DBC59E9B63E} = {7ECAD250-D528-4212-A83C-6710FC316A8B}
		{90F41B3F-6B50-461C-9061-5D7A09991C1B} = {7ECAD250-D528-4212-A83C-6710FC316A8B}
		{5D91A726-BDDD-465A-ACE0-62B5792886F0} = {7ECAD250-D528-4212-A83C-6710FC316A8B}
		{D5A76520-177F-4782-8E3D-73A8F124AD44} = {7ECAD250-D528-4212-A83C-6710FC316A8B}
		{3C3164D2-5A3F-43C9-BE21-BCDBAE70D757} = {7ECAD250-D528-4212-A83C-6710FC316A8B}
		{7F90C8E9-96A8-435A-B0BA-5CAAF7C60171} = {7ECAD250-D528-4212-A83C-6710FC316A8B}
	EndGlobalSection
	GlobalSection(ExtensibilityGlobals) = postSolution
		SolutionGuid = {0EBC42C1-025E-49F7-A2A2-7C8CF8B348C0}
	EndGlobalSection
EndGlobal
